// !$*UTF8*$!
{
	archiveVersion = 1;
	classes = {
	};
	objectVersion = 48;
	objects = {

/* Begin PBXBuildFile section */
		D6631AC91FECCE12001E7051 /* AppDelegate.m in Sources */ = {isa = PBXBuildFile; fileRef = D6631AC81FECCE12001E7051 /* AppDelegate.m */; };
		D6631ACC1FECCE12001E7051 /* ViewController.m in Sources */ = {isa = PBXBuildFile; fileRef = D6631ACB1FECCE12001E7051 /* ViewController.m */; };
		D6631ACF1FECCE12001E7051 /* Main.storyboard in Resources */ = {isa = PBXBuildFile; fileRef = D6631ACD1FECCE12001E7051 /* Main.storyboard */; };
		D6631AD11FECCE12001E7051 /* Assets.xcassets in Resources */ = {isa = PBXBuildFile; fileRef = D6631AD01FECCE12001E7051 /* Assets.xcassets */; };
		D6631AD41FECCE12001E7051 /* LaunchScreen.storyboard in Resources */ = {isa = PBXBuildFile; fileRef = D6631AD21FECCE12001E7051 /* LaunchScreen.storyboard */; };
		D6631AD71FECCE12001E7051 /* main.m in Sources */ = {isa = PBXBuildFile; fileRef = D6631AD61FECCE12001E7051 /* main.m */; };
/* End PBXBuildFile section */

/* Begin PBXFileReference section */
		D6631AC41FECCE12001E7051 /* runtime.app */ = {isa = PBXFileReference; explicitFileType = wrapper.application; includeInIndex = 0; path = runtime.app; sourceTree = BUILT_PRODUCTS_DIR; };
		D6631AC71FECCE12001E7051 /* AppDelegate.h */ = {isa = PBXFileReference; lastKnownFileType = sourcecode.c.h; path = AppDelegate.h; sourceTree = "<group>"; };
		D6631AC81FECCE12001E7051 /* AppDelegate.m */ = {isa = PBXFileReference; lastKnownFileType = sourcecode.c.objc; path = AppDelegate.m; sourceTree = "<group>"; };
		D6631ACA1FECCE12001E7051 /* ViewController.h */ = {isa = PBXFileReference; lastKnownFileType = sourcecode.c.h; path = ViewController.h; sourceTree = "<group>"; };
		D6631ACB1FECCE12001E7051 /* ViewController.m */ = {isa = PBXFileReference; lastKnownFileType = sourcecode.c.objc; path = ViewController.m; sourceTree = "<group>"; };
		D6631ACE1FECCE12001E7051 /* Base */ = {isa = PBXFileReference; lastKnownFileType = file.storyboard; name = Base; path = Base.lproj/Main.storyboard; sourceTree = "<group>"; };
		D6631AD01FECCE12001E7051 /* Assets.xcassets */ = {isa = PBXFileReference; lastKnownFileType = folder.assetcatalog; path = Assets.xcassets; sourceTree = "<group>"; };
		D6631AD31FECCE12001E7051 /* Base */ = {isa = PBXFileReference; lastKnownFileType = file.storyboard; name = Base; path = Base.lproj/LaunchScreen.storyboard; sourceTree = "<group>"; };
		D6631AD51FECCE12001E7051 /* Info.plist */ = {isa = PBXFileReference; lastKnownFileType = text.plist.xml; path = Info.plist; sourceTree = "<group>"; };
		D6631AD61FECCE12001E7051 /* main.m */ = {isa = PBXFileReference; lastKnownFileType = sourcecode.c.objc; path = main.m; sourceTree = "<group>"; };
		D6631B261FECD72D001E7051 /* AppDelegate.swift */ = {isa = PBXFileReference; lastKnownFileType = sourcecode.swift; path = AppDelegate.swift; sourceTree = "<group>"; };
		D6631B281FECD72D001E7051 /* ViewController.swift */ = {isa = PBXFileReference; lastKnownFileType = sourcecode.swift; path = ViewController.swift; sourceTree = "<group>"; };
		D6631B2B1FECD72D001E7051 /* Base */ = {isa = PBXFileReference; lastKnownFileType = file.storyboard; name = Base; path = Base.lproj/Main.storyboard; sourceTree = "<group>"; };
		D6631B2D1FECD72D001E7051 /* Assets.xcassets */ = {isa = PBXFileReference; lastKnownFileType = folder.assetcatalog; path = Assets.xcassets; sourceTree = "<group>"; };
		D6631B301FECD72D001E7051 /* Base */ = {isa = PBXFileReference; lastKnownFileType = file.storyboard; name = Base; path = Base.lproj/LaunchScreen.storyboard; sourceTree = "<group>"; };
		D6631B321FECD72D001E7051 /* Info.plist */ = {isa = PBXFileReference; lastKnownFileType = text.plist.xml; path = Info.plist; sourceTree = "<group>"; };
/* End PBXFileReference section */

/* Begin PBXFrameworksBuildPhase section */
		D6631AC11FECCE12001E7051 /* Frameworks */ = {
			isa = PBXFrameworksBuildPhase;
			buildActionMask = 2147483647;
			files = (
			);
			runOnlyForDeploymentPostprocessing = 0;
		};
/* End PBXFrameworksBuildPhase section */

/* Begin PBXGroup section */
		D6631ABB1FECCE12001E7051 = {
			isa = PBXGroup;
			children = (
				D6631AC61FECCE12001E7051 /* runtime */,
				D6631B251FECD72D001E7051 /* runtimeSwift */,
				D6631AC51FECCE12001E7051 /* Products */,
			);
			sourceTree = "<group>";
		};
		D6631AC51FECCE12001E7051 /* Products */ = {
			isa = PBXGroup;
			children = (
				D6631AC41FECCE12001E7051 /* runtime.app */,
			);
			name = Products;
			sourceTree = "<group>";
		};
		D6631AC61FECCE12001E7051 /* runtime */ = {
			isa = PBXGroup;
			children = (
				D6631AC71FECCE12001E7051 /* AppDelegate.h */,
				D6631AC81FECCE12001E7051 /* AppDelegate.m */,
				D6631ACA1FECCE12001E7051 /* ViewController.h */,
				D6631ACB1FECCE12001E7051 /* ViewController.m */,
				D6631ACD1FECCE12001E7051 /* Main.storyboard */,
				D6631AD01FECCE12001E7051 /* Assets.xcassets */,
				D6631AD21FECCE12001E7051 /* LaunchScreen.storyboard */,
				D6631AD51FECCE12001E7051 /* Info.plist */,
				D6631AD61FECCE12001E7051 /* main.m */,
			);
			path = runtime;
			sourceTree = "<group>";
		};
		D6631B251FECD72D001E7051 /* runtimeSwift */ = {
			isa = PBXGroup;
			children = (
				D6631B261FECD72D001E7051 /* AppDelegate.swift */,
				D6631B281FECD72D001E7051 /* ViewController.swift */,
				D6631B2A1FECD72D001E7051 /* Main.storyboard */,
				D6631B2D1FECD72D001E7051 /* Assets.xcassets */,
				D6631B2F1FECD72D001E7051 /* LaunchScreen.storyboard */,
				D6631B321FECD72D001E7051 /* Info.plist */,
			);
			path = runtimeSwift;
			sourceTree = "<group>";
		};
/* End PBXGroup section */

/* Begin PBXNativeTarget section */
		D6631AC31FECCE12001E7051 /* runtime */ = {
			isa = PBXNativeTarget;
			buildConfigurationList = D6631AF01FECCE12001E7051 /* Build configuration list for PBXNativeTarget "runtime" */;
			buildPhases = (
				D6631AC01FECCE12001E7051 /* Sources */,
				D6631AC11FECCE12001E7051 /* Frameworks */,
				D6631AC21FECCE12001E7051 /* Resources */,
			);
			buildRules = (
			);
			dependencies = (
			);
			name = runtime;
			productName = runtime;
			productReference = D6631AC41FECCE12001E7051 /* runtime.app */;
			productType = "com.apple.product-type.application";
		};
/* End PBXNativeTarget section */

/* Begin PBXProject section */
		D6631ABC1FECCE12001E7051 /* Project object */ = {
			isa = PBXProject;
			attributes = {
				LastSwiftUpdateCheck = 0920;
				LastUpgradeCheck = 0920;
				ORGANIZATIONNAME = "赵宏亚";
				TargetAttributes = {
					D6631AC31FECCE12001E7051 = {
						CreatedOnToolsVersion = 9.2;
						ProvisioningStyle = Automatic;
					};
				};
			};
			buildConfigurationList = D6631ABF1FECCE12001E7051 /* Build configuration list for PBXProject "runtime" */;
			compatibilityVersion = "Xcode 8.0";
			developmentRegion = en;
			hasScannedForEncodings = 0;
			knownRegions = (
				en,
				Base,
			);
			mainGroup = D6631ABB1FECCE12001E7051;
			productRefGroup = D6631AC51FECCE12001E7051 /* Products */;
			projectDirPath = "";
			projectRoot = "";
			targets = (
				D6631AC31FECCE12001E7051 /* runtime */,
			);
		};
/* End PBXProject section */

/* Begin PBXResourcesBuildPhase section */
		D6631AC21FECCE12001E7051 /* Resources */ = {
			isa = PBXResourcesBuildPhase;
			buildActionMask = 2147483647;
			files = (
				D6631AD41FECCE12001E7051 /* LaunchScreen.storyboard in Resources */,
				D6631AD11FECCE12001E7051 /* Assets.xcassets in Resources */,
				D6631ACF1FECCE12001E7051 /* Main.storyboard in Resources */,
			);
			runOnlyForDeploymentPostprocessing = 0;
		};
/* End PBXResourcesBuildPhase section */

/* Begin PBXSourcesBuildPhase section */
		D6631AC01FECCE12001E7051 /* Sources */ = {
			isa = PBXSourcesBuildPhase;
			buildActionMask = 2147483647;
			files = (
				D6631ACC1FECCE12001E7051 /* ViewController.m in Sources */,
				D6631AD71FECCE12001E7051 /* main.m in Sources */,
				D6631AC91FECCE12001E7051 /* AppDelegate.m in Sources */,
			);
			runOnlyForDeploymentPostprocessing = 0;
		};
/* End PBXSourcesBuildPhase section */

/* Begin PBXVariantGroup section */
		D6631ACD1FECCE12001E7051 /* Main.storyboard */ = {
			isa = PBXVariantGroup;
			children = (
				D6631ACE1FECCE12001E7051 /* Base */,
			);
			name = Main.storyboard;
			sourceTree = "<group>";
		};
		D6631AD21FECCE12001E7051 /* LaunchScreen.storyboard */ = {
			isa = PBXVariantGroup;
			children = (
				D6631AD31FECCE12001E7051 /* Base */,
			);
			name = LaunchScreen.storyboard;
			sourceTree = "<group>";
		};
		D6631B2A1FECD72D001E7051 /* Main.storyboard */ = {
			isa = PBXVariantGroup;
			children = (
				D6631B2B1FECD72D001E7051 /* Base */,
			);
			name = Main.storyboard;
			sourceTree = "<group>";
		};
		D6631B2F1FECD72D001E7051 /* LaunchScreen.storyboard */ = {
			isa = PBXVariantGroup;
			children = (
				D6631B301FECD72D001E7051 /* Base */,
			);
			name = LaunchScreen.storyboard;
			sourceTree = "<group>";
		};
/* End PBXVariantGroup section */

/* Begin XCBuildConfiguration section */
		D6631AEE1FECCE12001E7051 /* Debug */ = {
			isa = XCBuildConfiguration;
			buildSettings = {
				ALWAYS_SEARCH_USER_PATHS = NO;
				CLANG_ANALYZER_NONNULL = YES;
				CLANG_ANALYZER_NUMBER_OBJECT_CONVERSION = YES_AGGRESSIVE;
				CLANG_CXX_LANGUAGE_STANDARD = "gnu++14";
				CLANG_CXX_LIBRARY = "libc++";
				CLANG_ENABLE_MODULES = YES;
				CLANG_ENABLE_OBJC_ARC = YES;
				CLANG_WARN_BLOCK_CAPTURE_AUTORELEASING = YES;
				CLANG_WARN_BOOL_CONVERSION = YES;
				CLANG_WARN_COMMA = YES;
				CLANG_WARN_CONSTANT_CONVERSION = YES;
				CLANG_WARN_DIRECT_OBJC_ISA_USAGE = YES_ERROR;
				CLANG_WARN_DOCUMENTATION_COMMENTS = YES;
				CLANG_WARN_EMPTY_BODY = YES;
				CLANG_WARN_ENUM_CONVERSION = YES;
				CLANG_WARN_INFINITE_RECURSION = YES;
				CLANG_WARN_INT_CONVERSION = YES;
				CLANG_WARN_NON_LITERAL_NULL_CONVERSION = YES;
				CLANG_WARN_OBJC_LITERAL_CONVERSION = YES;
				CLANG_WARN_OBJC_ROOT_CLASS = YES_ERROR;
				CLANG_WARN_RANGE_LOOP_ANALYSIS = YES;
				CLANG_WARN_STRICT_PROTOTYPES = YES;
				CLANG_WARN_SUSPICIOUS_MOVE = YES;
				CLANG_WARN_UNGUARDED_AVAILABILITY = YES_AGGRESSIVE;
				CLANG_WARN_UNREACHABLE_CODE = YES;
				CLANG_WARN__DUPLICATE_METHOD_MATCH = YES;
				CODE_SIGN_IDENTITY = "iPhone Developer";
				COPY_PHASE_STRIP = NO;
				DEBUG_INFORMATION_FORMAT = dwarf;
				ENABLE_STRICT_OBJC_MSGSEND = YES;
				ENABLE_TESTABILITY = YES;
				GCC_C_LANGUAGE_STANDARD = gnu11;
				GCC_DYNAMIC_NO_PIC = NO;
				GCC_NO_COMMON_BLOCKS = YES;
				GCC_OPTIMIZATION_LEVEL = 0;
				GCC_PREPROCESSOR_DEFINITIONS = (
					"DEBUG=1",
					"$(inherited)",
				);
				GCC_WARN_64_TO_32_BIT_CONVERSION = YES;
				GCC_WARN_ABOUT_RETURN_TYPE = YES_ERROR;
				GCC_WARN_UNDECLARED_SELECTOR = YES;
				GCC_WARN_UNINITIALIZED_AUTOS = YES_AGGRESSIVE;
				GCC_WARN_UNUSED_FUNCTION = YES;
				GCC_WARN_UNUSED_VARIABLE = YES;
				IPHONEOS_DEPLOYMENT_TARGET = 11.2;
				MTL_ENABLE_DEBUG_INFO = YES;
				ONLY_ACTIVE_ARCH = YES;
				SDKROOT = iphoneos;
			};
			name = Debug;
		};
		D6631AEF1FECCE12001E7051 /* Release */ = {
			isa = XCBuildConfiguration;
			buildSettings = {
				ALWAYS_SEARCH_USER_PATHS = NO;
				CLANG_ANALYZER_NONNULL = YES;
				CLANG_ANALYZER_NUMBER_OBJECT_CONVERSION = YES_AGGRESSIVE;
				CLANG_CXX_LANGUAGE_STANDARD = "gnu++14";
				CLANG_CXX_LIBRARY = "libc++";
				CLANG_ENABLE_MODULES = YES;
				CLANG_ENABLE_OBJC_ARC = YES;
				CLANG_WARN_BLOCK_CAPTURE_AUTORELEASING = YES;
				CLANG_WARN_BOOL_CONVERSION = YES;
				CLANG_WARN_COMMA = YES;
				CLANG_WARN_CONSTANT_CONVERSION = YES;
				CLANG_WARN_DIRECT_OBJC_ISA_USAGE = YES_ERROR;
				CLANG_WARN_DOCUMENTATION_COMMENTS = YES;
				CLANG_WARN_EMPTY_BODY = YES;
				CLANG_WARN_ENUM_CONVERSION = YES;
				CLANG_WARN_INFINITE_RECURSION = YES;
				CLANG_WARN_INT_CONVERSION = YES;
				CLANG_WARN_NON_LITERAL_NULL_CONVERSION = YES;
				CLANG_WARN_OBJC_LITERAL_CONVERSION = YES;
				CLANG_WARN_OBJC_ROOT_CLASS = YES_ERROR;
				CLANG_WARN_RANGE_LOOP_ANALYSIS = YES;
				CLANG_WARN_STRICT_PROTOTYPES = YES;
				CLANG_WARN_SUSPICIOUS_MOVE = YES;
				CLANG_WARN_UNGUARDED_AVAILABILITY = YES_AGGRESSIVE;
				CLANG_WARN_UNREACHABLE_CODE = YES;
				CLANG_WARN__DUPLICATE_METHOD_MATCH = YES;
				CODE_SIGN_IDENTITY = "iPhone Developer";
				COPY_PHASE_STRIP = NO;
				DEBUG_INFORMATION_FORMAT = "dwarf-with-dsym";
				ENABLE_NS_ASSERTIONS = NO;
				ENABLE_STRICT_OBJC_MSGSEND = YES;
				GCC_C_LANGUAGE_STANDARD = gnu11;
				GCC_NO_COMMON_BLOCKS = YES;
				GCC_WARN_64_TO_32_BIT_CONVERSION = YES;
				GCC_WARN_ABOUT_RETURN_TYPE = YES_ERROR;
				GCC_WARN_UNDECLARED_SELECTOR = YES;
				GCC_WARN_UNINITIALIZED_AUTOS = YES_AGGRESSIVE;
				GCC_WARN_UNUSED_FUNCTION = YES;
				GCC_WARN_UNUSED_VARIABLE = YES;
				IPHONEOS_DEPLOYMENT_TARGET = 11.2;
				MTL_ENABLE_DEBUG_INFO = NO;
				SDKROOT = iphoneos;
				VALIDATE_PRODUCT = YES;
			};
			name = Release;
		};
		D6631AF11FECCE12001E7051 /* Debug */ = {
			isa = XCBuildConfiguration;
			buildSettings = {
				ASSETCATALOG_COMPILER_APPICON_NAME = AppIcon;
				CODE_SIGN_STYLE = Automatic;
				DEVELOPMENT_TEAM = GM2EX5ALF4;
				INFOPLIST_FILE = runtime/Info.plist;
				LD_RUNPATH_SEARCH_PATHS = "$(inherited) @executable_path/Frameworks";
				PRODUCT_BUNDLE_IDENTIFIER = zhaohongya.runtime;
				PRODUCT_NAME = "$(TARGET_NAME)";
				TARGETED_DEVICE_FAMILY = "1,2";
			};
			name = Debug;
		};
		D6631AF21FECCE12001E7051 /* Release */ = {
			isa = XCBuildConfiguration;
			buildSettings = {
				ASSETCATALOG_COMPILER_APPICON_NAME = AppIcon;
				CODE_SIGN_STYLE = Automatic;
				DEVELOPMENT_TEAM = GM2EX5ALF4;
				INFOPLIST_FILE = runtime/Info.plist;
				LD_RUNPATH_SEARCH_PATHS = "$(inherited) @executable_path/Frameworks";
				PRODUCT_BUNDLE_IDENTIFIER = zhaohongya.runtime;
				PRODUCT_NAME = "$(TARGET_NAME)";
				TARGETED_DEVICE_FAMILY = "1,2";
			};
			name = Release;
		};
/* End XCBuildConfiguration section */

/* Begin XCConfigurationList section */
		D6631ABF1FECCE12001E7051 /* Build configuration list for PBXProject "runtime" */ = {
			isa = XCConfigurationList;
			buildConfigurations = (
				D6631AEE1FECCE12001E7051 /* Debug */,
				D6631AEF1FECCE12001E7051 /* Release */,
			);
			defaultConfigurationIsVisible = 0;
			defaultConfigurationName = Release;
		};
		D6631AF01FECCE12001E7051 /* Build configuration list for PBXNativeTarget "runtime" */ = {
			isa = XCConfigurationList;
			buildConfigurations = (
				D6631AF11FECCE12001E7051 /* Debug */,
				D6631AF21FECCE12001E7051 /* Release */,
			);
			defaultConfigurationIsVisible = 0;
			defaultConfigurationName = Release;
		};
/* End XCConfigurationList section */
	};
	rootObject = D6631ABC1FECCE12001E7051 /* Project object */;
}
